
Microsoft Visual Studio Solution File, Format Version 12.00
# Visual Studio 15
VisualStudioVersion = 15.0.27428.2037
MinimumVisualStudioVersion = 10.0.40219.1
Project("{8BC9CEB8-8B4A-11D0-8D11-00A0C91BC942}") = "LanEngine", "LanEngine\LanEngine.vcxproj", "{9E541ACE-E774-4683-B363-30E3DF371291}"
EndProject
Project("{8BC9CEB8-8B4A-11D0-8D11-00A0C91BC942}") = "LanEngineTest", "LanEngineTest\LanEngineTest.vcxproj", "{BDC60D73-98B8-402C-9E29-01DFD18C6A4D}"
EndProject
Global
	GlobalSection(SolutionConfigurationPlatforms) = preSolution
		Debug|x64 = Debug|x64
		Debug|x86 = Debug|x86
		Release|x64 = Release|x64
		Release|x86 = Release|x86
	EndGlobalSection
	GlobalSection(ProjectConfigurationPlatforms) = postSolution
		{9E541ACE-E774-4683-B363-30E3DF371291}.Debug|x64.ActiveCfg = Debug|x64
		{9E541ACE-E774-4683-B363-30E3DF371291}.Debug|x64.Build.0 = Debug|x64
		{9E541ACE-E774-4683-B363-30E3DF371291}.Debug|x86.ActiveCfg = Debug|Win32
		{9E541ACE-E774-4683-B363-30E3DF371291}.Debug|x86.Build.0 = Debug|Win32
		{9E541ACE-E774-4683-B363-30E3DF371291}.Release|x64.ActiveCfg = Release|x64
		{9E541ACE-E774-4683-B363-30E3DF371291}.Release|x64.Build.0 = Release|x64
		{9E541ACE-E774-4683-B363-30E3DF371291}.Release|x86.ActiveCfg = Release|Win32
		{9E541ACE-E774-4683-B363-30E3DF371291}.Release|x86.Build.0 = Release|Win32
		{BDC60D73-98B8-402C-9E29-01DFD18C6A4D}.Debug|x64.ActiveCfg = Debug|x64
		{BDC60D73-98B8-402C-9E29-01DFD18C6A4D}.Debug|x64.Build.0 = Debug|x64
		{BDC60D73-98B8-402C-9E29-01DFD18C6A4D}.Debug|x86.ActiveCfg = Debug|Win32
		{BDC60D73-98B8-402C-9E29-01DFD18C6A4D}.Debug|x86.Build.0 = Debug|Win32
		{BDC60D73-98B8-402C-9E29-01DFD18C6A4D}.Release|x64.ActiveCfg = Release|x64
		{BDC60D73-98B8-402C-9E29-01DFD18C6A4D}.Release|x64.Build.0 = Release|x64
		{BDC60D73-98B8-402C-9E29-01DFD18C6A4D}.Release|x86.ActiveCfg = Release|Win32
		{BDC60D73-98B8-402C-9E29-01DFD18C6A4D}.Release|x86.Build.0 = Release|Win32
	EndGlobalSection
	GlobalSection(SolutionProperties) = preSolution
		HideSolutionNode = FALSE
	EndGlobalSection
	GlobalSection(ExtensibilityGlobals) = postSolution
		SolutionGuid = {6D12D246-EC8D-4EB4-BAA3-7FB012287B36}
	EndGlobalSection
EndGlobal
